{
  "name": "md-links",
  "version": "0.1.0",
  "lockfileVersion": 2,
  "requires": true,
  "packages": {
    "": {
      "name": "md-links",
      "version": "0.1.0",
      "dependencies": {
        "markdown-link-extractor": "^2.0.1"
      },
      "engines": {
        "node": ">=14.x"
      }
    },
    "node_modules/markdown-link-extractor": {
      "version": "2.0.1",
      "resolved": "https://registry.npmjs.org/markdown-link-extractor/-/markdown-link-extractor-2.0.1.tgz",
      "integrity": "sha512-Qy5AcoW7CDfIAB3I6cz2QFGHoLQYSH15lmfEqRgPvC/DEEMhb/EK0yeXmpIk+GSuJveYxLvkpXVFEZhgvubxTw==",
      "dependencies": {
        "marked": "^4.0.12"
      }
    },
    "node_modules/marked": {
      "version": "4.0.14",
      "resolved": "https://registry.npmjs.org/marked/-/marked-4.0.14.tgz",
      "integrity": "sha512-HL5sSPE/LP6U9qKgngIIPTthuxC0jrfxpYMZ3LdGDD3vTnLs59m2Z7r6+LNDR3ToqEQdkKd6YaaEfJhodJmijQ==",
      "bin": {
        "marked": "bin/marked.js"
      },
      "engines": {
        "node": ">= 12"
      }
    }
  },
  "dependencies": {
    "markdown-link-extractor": {
      "version": "2.0.1",
      "resolved": "https://registry.npmjs.org/markdown-link-extractor/-/markdown-link-extractor-2.0.1.tgz",
      "integrity": "sha512-Qy5AcoW7CDfIAB3I6cz2QFGHoLQYSH15lmfEqRgPvC/DEEMhb/EK0yeXmpIk+GSuJveYxLvkpXVFEZhgvubxTw==",
      "requires": {
        "marked": "^4.0.12"
      }
    },
    "marked": {
      "version": "4.0.14",
      "resolved": "https://registry.npmjs.org/marked/-/marked-4.0.14.tgz",
      "integrity": "sha512-HL5sSPE/LP6U9qKgngIIPTthuxC0jrfxpYMZ3LdGDD3vTnLs59m2Z7r6+LNDR3ToqEQdkKd6YaaEfJhodJmijQ=="
    }
  }
}
